
Microsoft Visual Studio Solution File, Format Version 12.00
# Visual Studio 15
VisualStudioVersion = 15.0.28307.168
MinimumVisualStudioVersion = 10.0.40219.1
Project("{9A19103F-16F7-4668-BE54-9A1E7A4F7556}") = "LibDataStructures", "src\LibDataStructures.csproj", "{B818C122-1FE8-44E0-B866-75CCE15694FF}"
EndProject
Global
	GlobalSection(SolutionConfigurationPlatforms) = preSolution
		Debug|Any CPU = Debug|Any CPU
		Release|Any CPU = Release|Any CPU
	EndGlobalSection
	GlobalSection(ProjectConfigurationPlatforms) = postSolution
		{B818C122-1FE8-44E0-B866-75CCE15694FF}.Debug|Any CPU.ActiveCfg = Debug|Any CPU
		{B818C122-1FE8-44E0-B866-75CCE15694FF}.Debug|Any CPU.Build.0 = Debug|Any CPU
		{B818C122-1FE8-44E0-B866-75CCE15694FF}.Release|Any CPU.ActiveCfg = Release|Any CPU
		{B818C122-1FE8-44E0-B866-75CCE15694FF}.Release|Any CPU.Build.0 = Release|Any CPU
	EndGlobalSection
	GlobalSection(SolutionProperties) = preSolution
		HideSolutionNode = FALSE
	EndGlobalSection
	GlobalSection(ExtensibilityGlobals) = postSolution
		SolutionGuid = {D4EFBD57-D309-4CC2-9EB5-57B96F3A1043}
	EndGlobalSection
EndGlobal
